
Microsoft Visual Studio Solution File, Format Version 11.00
# Visual Studio 2010
Project("{FAE04EC0-301F-11D3-BF4B-00C04F79EFBC}") = "eIVORun", "eIVORun.csproj", "{594EAC81-99B7-45E2-8E04-1D8AA38F028A}"
EndProject
Project("{2150E333-8FDC-42A3-9474-1A3956D46DE8}") = "Solution Items", "Solution Items", "{1F9F7806-285F-47E5-82B2-4E48B97B5535}"
	ProjectSection(SolutionItems) = preProject
		eIVORun.vsmdi = eIVORun.vsmdi
		Local.testsettings = Local.testsettings
		TraceAndTestImpact.testsettings = TraceAndTestImpact.testsettings
	EndProjectSection
EndProject
Global
	GlobalSection(TestCaseManagementSettings) = postSolution
		CategoryFile = eIVORun.vsmdi
	EndGlobalSection
	GlobalSection(SolutionConfigurationPlatforms) = preSolution
		Debug|Any CPU = Debug|Any CPU
		Release|Any CPU = Release|Any CPU
	EndGlobalSection
	GlobalSection(ProjectConfigurationPlatforms) = postSolution
		{594EAC81-99B7-45E2-8E04-1D8AA38F028A}.Debug|Any CPU.ActiveCfg = Debug|Any CPU
		{594EAC81-99B7-45E2-8E04-1D8AA38F028A}.Debug|Any CPU.Build.0 = Debug|Any CPU
		{594EAC81-99B7-45E2-8E04-1D8AA38F028A}.Release|Any CPU.ActiveCfg = Release|Any CPU
		{594EAC81-99B7-45E2-8E04-1D8AA38F028A}.Release|Any CPU.Build.0 = Release|Any CPU
	EndGlobalSection
	GlobalSection(SolutionProperties) = preSolution
		HideSolutionNode = FALSE
	EndGlobalSection
EndGlobal
